// !$*UTF8*$!
{
	archiveVersion = 1;
	classes = {
	};
	objectVersion = 56;
	objects = {

/* Begin PBXBuildFile section */
		6F390D1329DE7E2D001605C3 /* LearningAPP.swift in Sources */ = {isa = PBXBuildFile; fileRef = 6F390D1229DE7E2D001605C3 /* LearningAPP.swift */; };
		6F390D1529DE7E2D001605C3 /* HomeView.swift in Sources */ = {isa = PBXBuildFile; fileRef = 6F390D1429DE7E2D001605C3 /* HomeView.swift */; };
		6F390D1729DE7E2E001605C3 /* Assets.xcassets in Resources */ = {isa = PBXBuildFile; fileRef = 6F390D1629DE7E2E001605C3 /* Assets.xcassets */; };
		6F390D1A29DE7E2E001605C3 /* Preview Assets.xcassets in Resources */ = {isa = PBXBuildFile; fileRef = 6F390D1929DE7E2E001605C3 /* Preview Assets.xcassets */; };
		6F390D2629DE7F41001605C3 /* ContentModel.swift in Sources */ = {isa = PBXBuildFile; fileRef = 6F390D2529DE7F41001605C3 /* ContentModel.swift */; };
		6F390D2929DE8A94001605C3 /* data.json in Resources */ = {isa = PBXBuildFile; fileRef = 6F390D2729DE8A94001605C3 /* data.json */; };
		6F390D2A29DE8A94001605C3 /* style.html in Resources */ = {isa = PBXBuildFile; fileRef = 6F390D2829DE8A94001605C3 /* style.html */; };
		6F390D2C29DE8C8C001605C3 /* Model.swift in Sources */ = {isa = PBXBuildFile; fileRef = 6F390D2B29DE8C8C001605C3 /* Model.swift */; };
		6F390D2E29DEA001001605C3 /* HomeViewRow.swift in Sources */ = {isa = PBXBuildFile; fileRef = 6F390D2D29DEA001001605C3 /* HomeViewRow.swift */; };
		6F390D3029DEA951001605C3 /* ContentView.swift in Sources */ = {isa = PBXBuildFile; fileRef = 6F390D2F29DEA951001605C3 /* ContentView.swift */; };
		6F390D3229DEC527001605C3 /* ContentDetailView.swift in Sources */ = {isa = PBXBuildFile; fileRef = 6F390D3129DEC527001605C3 /* ContentDetailView.swift */; };
		6F390D3529DEF2C7001605C3 /* AVKit.framework in Frameworks */ = {isa = PBXBuildFile; fileRef = 6F390D3429DEF2C7001605C3 /* AVKit.framework */; };
		6F390D3729DEF3B7001605C3 /* Constants.swift in Sources */ = {isa = PBXBuildFile; fileRef = 6F390D3629DEF3B7001605C3 /* Constants.swift */; };
		6F390D3929DEFE6A001605C3 /* CodeTextView.swift in Sources */ = {isa = PBXBuildFile; fileRef = 6F390D3829DEFE6A001605C3 /* CodeTextView.swift */; };
		6F9F970429E130C7006F830E /* RectangleCard.swift in Sources */ = {isa = PBXBuildFile; fileRef = 6F9F970329E130C7006F830E /* RectangleCard.swift */; };
/* End PBXBuildFile section */

/* Begin PBXFileReference section */
		6F390D0F29DE7E2D001605C3 /* LearningAPP.app */ = {isa = PBXFileReference; explicitFileType = wrapper.application; includeInIndex = 0; path = LearningAPP.app; sourceTree = BUILT_PRODUCTS_DIR; };
		6F390D1229DE7E2D001605C3 /* LearningAPP.swift */ = {isa = PBXFileReference; lastKnownFileType = sourcecode.swift; path = LearningAPP.swift; sourceTree = "<group>"; };
		6F390D1429DE7E2D001605C3 /* HomeView.swift */ = {isa = PBXFileReference; lastKnownFileType = sourcecode.swift; path = HomeView.swift; sourceTree = "<group>"; };
		6F390D1629DE7E2E001605C3 /* Assets.xcassets */ = {isa = PBXFileReference; lastKnownFileType = folder.assetcatalog; path = Assets.xcassets; sourceTree = "<group>"; };
		6F390D1929DE7E2E001605C3 /* Preview Assets.xcassets */ = {isa = PBXFileReference; lastKnownFileType = folder.assetcatalog; path = "Preview Assets.xcassets"; sourceTree = "<group>"; };
		6F390D2529DE7F41001605C3 /* ContentModel.swift */ = {isa = PBXFileReference; lastKnownFileType = sourcecode.swift; path = ContentModel.swift; sourceTree = "<group>"; };
		6F390D2729DE8A94001605C3 /* data.json */ = {isa = PBXFileReference; fileEncoding = 4; lastKnownFileType = text.json; path = data.json; sourceTree = "<group>"; };
		6F390D2829DE8A94001605C3 /* style.html */ = {isa = PBXFileReference; fileEncoding = 4; lastKnownFileType = text.html; path = style.html; sourceTree = "<group>"; };
		6F390D2B29DE8C8C001605C3 /* Model.swift */ = {isa = PBXFileReference; lastKnownFileType = sourcecode.swift; path = Model.swift; sourceTree = "<group>"; };
		6F390D2D29DEA001001605C3 /* HomeViewRow.swift */ = {isa = PBXFileReference; lastKnownFileType = sourcecode.swift; path = HomeViewRow.swift; sourceTree = "<group>"; };
		6F390D2F29DEA951001605C3 /* ContentView.swift */ = {isa = PBXFileReference; lastKnownFileType = sourcecode.swift; path = ContentView.swift; sourceTree = "<group>"; };
		6F390D3129DEC527001605C3 /* ContentDetailView.swift */ = {isa = PBXFileReference; lastKnownFileType = sourcecode.swift; path = ContentDetailView.swift; sourceTree = "<group>"; };
		6F390D3429DEF2C7001605C3 /* AVKit.framework */ = {isa = PBXFileReference; lastKnownFileType = wrapper.framework; name = AVKit.framework; path = System/Library/Frameworks/AVKit.framework; sourceTree = SDKROOT; };
		6F390D3629DEF3B7001605C3 /* Constants.swift */ = {isa = PBXFileReference; lastKnownFileType = sourcecode.swift; path = Constants.swift; sourceTree = "<group>"; };
		6F390D3829DEFE6A001605C3 /* CodeTextView.swift */ = {isa = PBXFileReference; lastKnownFileType = sourcecode.swift; path = CodeTextView.swift; sourceTree = "<group>"; };
		6F9F970329E130C7006F830E /* RectangleCard.swift */ = {isa = PBXFileReference; lastKnownFileType = sourcecode.swift; path = RectangleCard.swift; sourceTree = "<group>"; };
/* End PBXFileReference section */

/* Begin PBXFrameworksBuildPhase section */
		6F390D0C29DE7E2D001605C3 /* Frameworks */ = {
			isa = PBXFrameworksBuildPhase;
			buildActionMask = 2147483647;
			files = (
				6F390D3529DEF2C7001605C3 /* AVKit.framework in Frameworks */,
			);
			runOnlyForDeploymentPostprocessing = 0;
		};
/* End PBXFrameworksBuildPhase section */

/* Begin PBXGroup section */
		6F390D0629DE7E2D001605C3 = {
			isa = PBXGroup;
			children = (
				6F390D1129DE7E2D001605C3 /* LearningAPP */,
				6F390D1029DE7E2D001605C3 /* Products */,
				6F390D3329DEF2C7001605C3 /* Frameworks */,
			);
			sourceTree = "<group>";
		};
		6F390D1029DE7E2D001605C3 /* Products */ = {
			isa = PBXGroup;
			children = (
				6F390D0F29DE7E2D001605C3 /* LearningAPP.app */,
			);
			name = Products;
			sourceTree = "<group>";
		};
		6F390D1129DE7E2D001605C3 /* LearningAPP */ = {
			isa = PBXGroup;
			children = (
				6F390D1229DE7E2D001605C3 /* LearningAPP.swift */,
				6F390D2029DE7ED8001605C3 /* Views */,
				6F390D2129DE7EE2001605C3 /* ViewModels */,
				6F390D2229DE7EF1001605C3 /* Models */,
				6F390D2329DE7EF8001605C3 /* Resources */,
				6F390D2429DE7F04001605C3 /* Helpers */,
				6F390D1629DE7E2E001605C3 /* Assets.xcassets */,
				6F390D1829DE7E2E001605C3 /* Preview Content */,
			);
			path = LearningAPP;
			sourceTree = "<group>";
		};
		6F390D1829DE7E2E001605C3 /* Preview Content */ = {
			isa = PBXGroup;
			children = (
				6F390D1929DE7E2E001605C3 /* Preview Assets.xcassets */,
			);
			path = "Preview Content";
			sourceTree = "<group>";
		};
		6F390D2029DE7ED8001605C3 /* Views */ = {
			isa = PBXGroup;
			children = (
				6F390D1429DE7E2D001605C3 /* HomeView.swift */,
				6F390D2D29DEA001001605C3 /* HomeViewRow.swift */,
				6F390D2F29DEA951001605C3 /* ContentView.swift */,
				6F390D3129DEC527001605C3 /* ContentDetailView.swift */,
				6F390D3829DEFE6A001605C3 /* CodeTextView.swift */,
				6F9F970329E130C7006F830E /* RectangleCard.swift */,
			);
			path = Views;
			sourceTree = "<group>";
		};
		6F390D2129DE7EE2001605C3 /* ViewModels */ = {
			isa = PBXGroup;
			children = (
				6F390D2529DE7F41001605C3 /* ContentModel.swift */,
			);
			path = ViewModels;
			sourceTree = "<group>";
		};
		6F390D2229DE7EF1001605C3 /* Models */ = {
			isa = PBXGroup;
			children = (
				6F390D2B29DE8C8C001605C3 /* Model.swift */,
			);
			path = Models;
			sourceTree = "<group>";
		};
		6F390D2329DE7EF8001605C3 /* Resources */ = {
			isa = PBXGroup;
			children = (
				6F390D2729DE8A94001605C3 /* data.json */,
				6F390D2829DE8A94001605C3 /* style.html */,
				6F390D3629DEF3B7001605C3 /* Constants.swift */,
			);
			path = Resources;
			sourceTree = "<group>";
		};
		6F390D2429DE7F04001605C3 /* Helpers */ = {
			isa = PBXGroup;
			children = (
			);
			path = Helpers;
			sourceTree = "<group>";
		};
		6F390D3329DEF2C7001605C3 /* Frameworks */ = {
			isa = PBXGroup;
			children = (
				6F390D3429DEF2C7001605C3 /* AVKit.framework */,
			);
			name = Frameworks;
			sourceTree = "<group>";
		};
/* End PBXGroup section */

/* Begin PBXNativeTarget section */
		6F390D0E29DE7E2D001605C3 /* LearningAPP */ = {
			isa = PBXNativeTarget;
			buildConfigurationList = 6F390D1D29DE7E2E001605C3 /* Build configuration list for PBXNativeTarget "LearningAPP" */;
			buildPhases = (
				6F390D0B29DE7E2D001605C3 /* Sources */,
				6F390D0C29DE7E2D001605C3 /* Frameworks */,
				6F390D0D29DE7E2D001605C3 /* Resources */,
			);
			buildRules = (
			);
			dependencies = (
			);
			name = LearningAPP;
			productName = LearningAPP;
			productReference = 6F390D0F29DE7E2D001605C3 /* LearningAPP.app */;
			productType = "com.apple.product-type.application";
		};
/* End PBXNativeTarget section */

/* Begin PBXProject section */
		6F390D0729DE7E2D001605C3 /* Project object */ = {
			isa = PBXProject;
			attributes = {
				BuildIndependentTargetsInParallel = 1;
				LastSwiftUpdateCheck = 1430;
				LastUpgradeCheck = 1430;
				TargetAttributes = {
					6F390D0E29DE7E2D001605C3 = {
						CreatedOnToolsVersion = 14.3;
					};
				};
			};
			buildConfigurationList = 6F390D0A29DE7E2D001605C3 /* Build configuration list for PBXProject "LearningAPP" */;
			compatibilityVersion = "Xcode 14.0";
			developmentRegion = en;
			hasScannedForEncodings = 0;
			knownRegions = (
				en,
				Base,
			);
			mainGroup = 6F390D0629DE7E2D001605C3;
			productRefGroup = 6F390D1029DE7E2D001605C3 /* Products */;
			projectDirPath = "";
			projectRoot = "";
			targets = (
				6F390D0E29DE7E2D001605C3 /* LearningAPP */,
			);
		};
/* End PBXProject section */

/* Begin PBXResourcesBuildPhase section */
		6F390D0D29DE7E2D001605C3 /* Resources */ = {
			isa = PBXResourcesBuildPhase;
			buildActionMask = 2147483647;
			files = (
				6F390D1A29DE7E2E001605C3 /* Preview Assets.xcassets in Resources */,
				6F390D2929DE8A94001605C3 /* data.json in Resources */,
				6F390D2A29DE8A94001605C3 /* style.html in Resources */,
				6F390D1729DE7E2E001605C3 /* Assets.xcassets in Resources */,
			);
			runOnlyForDeploymentPostprocessing = 0;
		};
/* End PBXResourcesBuildPhase section */

/* Begin PBXSourcesBuildPhase section */
		6F390D0B29DE7E2D001605C3 /* Sources */ = {
			isa = PBXSourcesBuildPhase;
			buildActionMask = 2147483647;
			files = (
				6F390D1529DE7E2D001605C3 /* HomeView.swift in Sources */,
				6F390D2E29DEA001001605C3 /* HomeViewRow.swift in Sources */,
				6F390D3029DEA951001605C3 /* ContentView.swift in Sources */,
				6F9F970429E130C7006F830E /* RectangleCard.swift in Sources */,
				6F390D3229DEC527001605C3 /* ContentDetailView.swift in Sources */,
				6F390D1329DE7E2D001605C3 /* LearningAPP.swift in Sources */,
				6F390D2629DE7F41001605C3 /* ContentModel.swift in Sources */,
				6F390D3929DEFE6A001605C3 /* CodeTextView.swift in Sources */,
				6F390D2C29DE8C8C001605C3 /* Model.swift in Sources */,
				6F390D3729DEF3B7001605C3 /* Constants.swift in Sources */,
			);
			runOnlyForDeploymentPostprocessing = 0;
		};
/* End PBXSourcesBuildPhase section */

/* Begin XCBuildConfiguration section */
		6F390D1B29DE7E2E001605C3 /* Debug */ = {
			isa = XCBuildConfiguration;
			buildSettings = {
				ALWAYS_SEARCH_USER_PATHS = NO;
				CLANG_ANALYZER_NONNULL = YES;
				CLANG_ANALYZER_NUMBER_OBJECT_CONVERSION = YES_AGGRESSIVE;
				CLANG_CXX_LANGUAGE_STANDARD = "gnu++20";
				CLANG_ENABLE_MODULES = YES;
				CLANG_ENABLE_OBJC_ARC = YES;
				CLANG_ENABLE_OBJC_WEAK = YES;
				CLANG_WARN_BLOCK_CAPTURE_AUTORELEASING = YES;
				CLANG_WARN_BOOL_CONVERSION = YES;
				CLANG_WARN_COMMA = YES;
				CLANG_WARN_CONSTANT_CONVERSION = YES;
				CLANG_WARN_DEPRECATED_OBJC_IMPLEMENTATIONS = YES;
				CLANG_WARN_DIRECT_OBJC_ISA_USAGE = YES_ERROR;
				CLANG_WARN_DOCUMENTATION_COMMENTS = YES;
				CLANG_WARN_EMPTY_BODY = YES;
				CLANG_WARN_ENUM_CONVERSION = YES;
				CLANG_WARN_INFINITE_RECURSION = YES;
				CLANG_WARN_INT_CONVERSION = YES;
				CLANG_WARN_NON_LITERAL_NULL_CONVERSION = YES;
				CLANG_WARN_OBJC_IMPLICIT_RETAIN_SELF = YES;
				CLANG_WARN_OBJC_LITERAL_CONVERSION = YES;
				CLANG_WARN_OBJC_ROOT_CLASS = YES_ERROR;
				CLANG_WARN_QUOTED_INCLUDE_IN_FRAMEWORK_HEADER = YES;
				CLANG_WARN_RANGE_LOOP_ANALYSIS = YES;
				CLANG_WARN_STRICT_PROTOTYPES = YES;
				CLANG_WARN_SUSPICIOUS_MOVE = YES;
				CLANG_WARN_UNGUARDED_AVAILABILITY = YES_AGGRESSIVE;
				CLANG_WARN_UNREACHABLE_CODE = YES;
				CLANG_WARN__DUPLICATE_METHOD_MATCH = YES;
				COPY_PHASE_STRIP = NO;
				DEBUG_INFORMATION_FORMAT = dwarf;
				ENABLE_STRICT_OBJC_MSGSEND = YES;
				ENABLE_TESTABILITY = YES;
				GCC_C_LANGUAGE_STANDARD = gnu11;
				GCC_DYNAMIC_NO_PIC = NO;
				GCC_NO_COMMON_BLOCKS = YES;
				GCC_OPTIMIZATION_LEVEL = 0;
				GCC_PREPROCESSOR_DEFINITIONS = (
					"DEBUG=1",
					"$(inherited)",
				);
				GCC_WARN_64_TO_32_BIT_CONVERSION = YES;
				GCC_WARN_ABOUT_RETURN_TYPE = YES_ERROR;
				GCC_WARN_UNDECLARED_SELECTOR = YES;
				GCC_WARN_UNINITIALIZED_AUTOS = YES_AGGRESSIVE;
				GCC_WARN_UNUSED_FUNCTION = YES;
				GCC_WARN_UNUSED_VARIABLE = YES;
				IPHONEOS_DEPLOYMENT_TARGET = 16.4;
				MTL_ENABLE_DEBUG_INFO = INCLUDE_SOURCE;
				MTL_FAST_MATH = YES;
				ONLY_ACTIVE_ARCH = YES;
				SDKROOT = iphoneos;
				SWIFT_ACTIVE_COMPILATION_CONDITIONS = DEBUG;
				SWIFT_OPTIMIZATION_LEVEL = "-Onone";
			};
			name = Debug;
		};
		6F390D1C29DE7E2E001605C3 /* Release */ = {
			isa = XCBuildConfiguration;
			buildSettings = {
				ALWAYS_SEARCH_USER_PATHS = NO;
				CLANG_ANALYZER_NONNULL = YES;
				CLANG_ANALYZER_NUMBER_OBJECT_CONVERSION = YES_AGGRESSIVE;
				CLANG_CXX_LANGUAGE_STANDARD = "gnu++20";
				CLANG_ENABLE_MODULES = YES;
				CLANG_ENABLE_OBJC_ARC = YES;
				CLANG_ENABLE_OBJC_WEAK = YES;
				CLANG_WARN_BLOCK_CAPTURE_AUTORELEASING = YES;
				CLANG_WARN_BOOL_CONVERSION = YES;
				CLANG_WARN_COMMA = YES;
				CLANG_WARN_CONSTANT_CONVERSION = YES;
				CLANG_WARN_DEPRECATED_OBJC_IMPLEMENTATIONS = YES;
				CLANG_WARN_DIRECT_OBJC_ISA_USAGE = YES_ERROR;
				CLANG_WARN_DOCUMENTATION_COMMENTS = YES;
				CLANG_WARN_EMPTY_BODY = YES;
				CLANG_WARN_ENUM_CONVERSION = YES;
				CLANG_WARN_INFINITE_RECURSION = YES;
				CLANG_WARN_INT_CONVERSION = YES;
				CLANG_WARN_NON_LITERAL_NULL_CONVERSION = YES;
				CLANG_WARN_OBJC_IMPLICIT_RETAIN_SELF = YES;
				CLANG_WARN_OBJC_LITERAL_CONVERSION = YES;
				CLANG_WARN_OBJC_ROOT_CLASS = YES_ERROR;
				CLANG_WARN_QUOTED_INCLUDE_IN_FRAMEWORK_HEADER = YES;
				CLANG_WARN_RANGE_LOOP_ANALYSIS = YES;
				CLANG_WARN_STRICT_PROTOTYPES = YES;
				CLANG_WARN_SUSPICIOUS_MOVE = YES;
				CLANG_WARN_UNGUARDED_AVAILABILITY = YES_AGGRESSIVE;
				CLANG_WARN_UNREACHABLE_CODE = YES;
				CLANG_WARN__DUPLICATE_METHOD_MATCH = YES;
				COPY_PHASE_STRIP = NO;
				DEBUG_INFORMATION_FORMAT = "dwarf-with-dsym";
				ENABLE_NS_ASSERTIONS = NO;
				ENABLE_STRICT_OBJC_MSGSEND = YES;
				GCC_C_LANGUAGE_STANDARD = gnu11;
				GCC_NO_COMMON_BLOCKS = YES;
				GCC_WARN_64_TO_32_BIT_CONVERSION = YES;
				GCC_WARN_ABOUT_RETURN_TYPE = YES_ERROR;
				GCC_WARN_UNDECLARED_SELECTOR = YES;
				GCC_WARN_UNINITIALIZED_AUTOS = YES_AGGRESSIVE;
				GCC_WARN_UNUSED_FUNCTION = YES;
				GCC_WARN_UNUSED_VARIABLE = YES;
				IPHONEOS_DEPLOYMENT_TARGET = 16.4;
				MTL_ENABLE_DEBUG_INFO = NO;
				MTL_FAST_MATH = YES;
				SDKROOT = iphoneos;
				SWIFT_COMPILATION_MODE = wholemodule;
				SWIFT_OPTIMIZATION_LEVEL = "-O";
				VALIDATE_PRODUCT = YES;
			};
			name = Release;
		};
		6F390D1E29DE7E2E001605C3 /* Debug */ = {
			isa = XCBuildConfiguration;
			buildSettings = {
				ASSETCATALOG_COMPILER_APPICON_NAME = AppIcon;
				ASSETCATALOG_COMPILER_GLOBAL_ACCENT_COLOR_NAME = AccentColor;
				CODE_SIGN_STYLE = Automatic;
				CURRENT_PROJECT_VERSION = 1;
				DEVELOPMENT_ASSET_PATHS = "\"LearningAPP/Preview Content\"";
				ENABLE_PREVIEWS = YES;
				GENERATE_INFOPLIST_FILE = YES;
				INFOPLIST_KEY_UIApplicationSceneManifest_Generation = YES;
				INFOPLIST_KEY_UIApplicationSupportsIndirectInputEvents = YES;
				INFOPLIST_KEY_UILaunchScreen_Generation = YES;
				INFOPLIST_KEY_UISupportedInterfaceOrientations_iPad = "UIInterfaceOrientationPortrait UIInterfaceOrientationPortraitUpsideDown UIInterfaceOrientationLandscapeLeft UIInterfaceOrientationLandscapeRight";
				INFOPLIST_KEY_UISupportedInterfaceOrientations_iPhone = "UIInterfaceOrientationPortrait UIInterfaceOrientationLandscapeLeft UIInterfaceOrientationLandscapeRight";
				LD_RUNPATH_SEARCH_PATHS = (
					"$(inherited)",
					"@executable_path/Frameworks",
				);
				MARKETING_VERSION = 1.0;
				PRODUCT_BUNDLE_IDENTIFIER = site.ukeshsaravanan.LearningAPP;
				PRODUCT_NAME = "$(TARGET_NAME)";
				SWIFT_EMIT_LOC_STRINGS = YES;
				SWIFT_VERSION = 5.0;
				TARGETED_DEVICE_FAMILY = "1,2";
			};
			name = Debug;
		};
		6F390D1F29DE7E2E001605C3 /* Release */ = {
			isa = XCBuildConfiguration;
			buildSettings = {
				ASSETCATALOG_COMPILER_APPICON_NAME = AppIcon;
				ASSETCATALOG_COMPILER_GLOBAL_ACCENT_COLOR_NAME = AccentColor;
				CODE_SIGN_STYLE = Automatic;
				CURRENT_PROJECT_VERSION = 1;
				DEVELOPMENT_ASSET_PATHS = "\"LearningAPP/Preview Content\"";
				ENABLE_PREVIEWS = YES;
				GENERATE_INFOPLIST_FILE = YES;
				INFOPLIST_KEY_UIApplicationSceneManifest_Generation = YES;
				INFOPLIST_KEY_UIApplicationSupportsIndirectInputEvents = YES;
				INFOPLIST_KEY_UILaunchScreen_Generation = YES;
				INFOPLIST_KEY_UISupportedInterfaceOrientations_iPad = "UIInterfaceOrientationPortrait UIInterfaceOrientationPortraitUpsideDown UIInterfaceOrientationLandscapeLeft UIInterfaceOrientationLandscapeRight";
				INFOPLIST_KEY_UISupportedInterfaceOrientations_iPhone = "UIInterfaceOrientationPortrait UIInterfaceOrientationLandscapeLeft UIInterfaceOrientationLandscapeRight";
				LD_RUNPATH_SEARCH_PATHS = (
					"$(inherited)",
					"@executable_path/Frameworks",
				);
				MARKETING_VERSION = 1.0;
				PRODUCT_BUNDLE_IDENTIFIER = site.ukeshsaravanan.LearningAPP;
				PRODUCT_NAME = "$(TARGET_NAME)";
				SWIFT_EMIT_LOC_STRINGS = YES;
				SWIFT_VERSION = 5.0;
				TARGETED_DEVICE_FAMILY = "1,2";
			};
			name = Release;
		};
/* End XCBuildConfiguration section */

/* Begin XCConfigurationList section */
		6F390D0A29DE7E2D001605C3 /* Build configuration list for PBXProject "LearningAPP" */ = {
			isa = XCConfigurationList;
			buildConfigurations = (
				6F390D1B29DE7E2E001605C3 /* Debug */,
				6F390D1C29DE7E2E001605C3 /* Release */,
			);
			defaultConfigurationIsVisible = 0;
			defaultConfigurationName = Release;
		};
		6F390D1D29DE7E2E001605C3 /* Build configuration list for PBXNativeTarget "LearningAPP" */ = {
			isa = XCConfigurationList;
			buildConfigurations = (
				6F390D1E29DE7E2E001605C3 /* Debug */,
				6F390D1F29DE7E2E001605C3 /* Release */,
			);
			defaultConfigurationIsVisible = 0;
			defaultConfigurationName = Release;
		};
/* End XCConfigurationList section */
	};
	rootObject = 6F390D0729DE7E2D001605C3 /* Project object */;
}
